
Microsoft Visual Studio Solution File, Format Version 12.00
# Visual Studio Version 17
VisualStudioVersion = 17.0.32014.148
MinimumVisualStudioVersion = 10.0.40219.1
Project("{8BC9CEB8-8B4A-11D0-8D11-00A0C91BC942}") = "Student Roster Project", "Student Roster Project.vcxproj", "{4EB63722-064D-4D2E-ABB6-431FD273556E}"
EndProject
Global
	GlobalSection(SolutionConfigurationPlatforms) = preSolution
		Debug|x64 = Debug|x64
		Debug|x86 = Debug|x86
		Release|x64 = Release|x64
		Release|x86 = Release|x86
	EndGlobalSection
	GlobalSection(ProjectConfigurationPlatforms) = postSolution
		{4EB63722-064D-4D2E-ABB6-431FD273556E}.Debug|x64.ActiveCfg = Debug|x64
		{4EB63722-064D-4D2E-ABB6-431FD273556E}.Debug|x64.Build.0 = Debug|x64
		{4EB63722-064D-4D2E-ABB6-431FD273556E}.Debug|x86.ActiveCfg = Debug|Win32
		{4EB63722-064D-4D2E-ABB6-431FD273556E}.Debug|x86.Build.0 = Debug|Win32
		{4EB63722-064D-4D2E-ABB6-431FD273556E}.Release|x64.ActiveCfg = Release|x64
		{4EB63722-064D-4D2E-ABB6-431FD273556E}.Release|x64.Build.0 = Release|x64
		{4EB63722-064D-4D2E-ABB6-431FD273556E}.Release|x86.ActiveCfg = Release|Win32
		{4EB63722-064D-4D2E-ABB6-431FD273556E}.Release|x86.Build.0 = Release|Win32
	EndGlobalSection
	GlobalSection(SolutionProperties) = preSolution
		HideSolutionNode = FALSE
	EndGlobalSection
	GlobalSection(ExtensibilityGlobals) = postSolution
		SolutionGuid = {BAA73A2A-5B9E-4053-AEDD-1557B3A9FDA0}
	EndGlobalSection
EndGlobal
